
Microsoft Visual Studio Solution File, Format Version 12.00
# Visual Studio Version 17
VisualStudioVersion = 17.8.34330.188
MinimumVisualStudioVersion = 10.0.40219.1
Project("{FAE04EC0-301F-11D3-BF4B-00C04F79EFBC}") = "WebApi", "WebApi\WebApi.csproj", "{16636131-9667-4D99-8388-FF495366BA64}"
EndProject
Global
	GlobalSection(SolutionConfigurationPlatforms) = preSolution
		Debug|Any CPU = Debug|Any CPU
		Release|Any CPU = Release|Any CPU
	EndGlobalSection
	GlobalSection(ProjectConfigurationPlatforms) = postSolution
		{16636131-9667-4D99-8388-FF495366BA64}.Debug|Any CPU.ActiveCfg = Debug|Any CPU
		{16636131-9667-4D99-8388-FF495366BA64}.Debug|Any CPU.Build.0 = Debug|Any CPU
		{16636131-9667-4D99-8388-FF495366BA64}.Release|Any CPU.ActiveCfg = Release|Any CPU
		{16636131-9667-4D99-8388-FF495366BA64}.Release|Any CPU.Build.0 = Release|Any CPU
	EndGlobalSection
	GlobalSection(SolutionProperties) = preSolution
		HideSolutionNode = FALSE
	EndGlobalSection
	GlobalSection(ExtensibilityGlobals) = postSolution
		SolutionGuid = {90A78FBE-331E-4106-AA2F-92B31122C0D6}
	EndGlobalSection
EndGlobal
